hash: ee7b90868ae02fbc79d0427238e95964875a929f33605122ead4203268b332f3
updated: 2017-03-05T08:20:45.24241482-06:00
imports:
- name: github.com/awalterschulze/gographviz
  version: 057e6a5e9343c1e85264a73798ca7c7a197c8b69
  subpackages:
  - ast
  - errors
  - lexer
  - parser
  - token
- name: github.com/pkg/errors
  version: 645ef00459ed84a119197bfb8d8205042c6df63d
- name: github.com/scgolang/osc
  version: 54517bea1fbabe072e27bf3a1490e69e5be69b32
- name: github.com/scgolang/sc
  version: 3e60e6d65cb885efbf11faaaea86881dec0d6298
- name: github.com/scgolang/scid
  version: 2e0690a5c33d9c14fe53667ece6ebecd5435449d
testImports: []
